
Microsoft Visual Studio Solution File, Format Version 12.00
# Visual Studio 15
VisualStudioVersion = 15.0.28307.168
MinimumVisualStudioVersion = 10.0.40219.1
Project("{FAE04EC0-301F-11D3-BF4B-00C04F79EFBC}") = "OneNeuron", "OneNeuron\OneNeuron.csproj", "{6A3320CF-5E03-450A-819A-10D5EC28A480}"
EndProject
Global
	GlobalSection(SolutionConfigurationPlatforms) = preSolution
		Debug|Any CPU = Debug|Any CPU
		Release|Any CPU = Release|Any CPU
	EndGlobalSection
	GlobalSection(ProjectConfigurationPlatforms) = postSolution
		{6A3320CF-5E03-450A-819A-10D5EC28A480}.Debug|Any CPU.ActiveCfg = Debug|Any CPU
		{6A3320CF-5E03-450A-819A-10D5EC28A480}.Debug|Any CPU.Build.0 = Debug|Any CPU
		{6A3320CF-5E03-450A-819A-10D5EC28A480}.Release|Any CPU.ActiveCfg = Release|Any CPU
		{6A3320CF-5E03-450A-819A-10D5EC28A480}.Release|Any CPU.Build.0 = Release|Any CPU
	EndGlobalSection
	GlobalSection(SolutionProperties) = preSolution
		HideSolutionNode = FALSE
	EndGlobalSection
	GlobalSection(ExtensibilityGlobals) = postSolution
		SolutionGuid = {EC9104A9-FBEF-4158-82D6-FDC12B333DD6}
	EndGlobalSection
EndGlobal
